
Microsoft Visual Studio Solution File, Format Version 12.00
# Visual Studio Version 17
VisualStudioVersion = 17.5.001.0
MinimumVisualStudioVersion = 10.0.40219.1
Project("{9A19103F-16F7-4668-BE54-9A1E7A4F7556}") = "NetworkMonitorAlert", "NetworkMonitorAlert.csproj", "{07DB153C-B73A-41D1-B428-28E9A4C8AF1F}"
EndProject
Global
	GlobalSection(SolutionConfigurationPlatforms) = preSolution
		Debug|Any CPU = Debug|Any CPU
		Release|Any CPU = Release|Any CPU
	EndGlobalSection
	GlobalSection(ProjectConfigurationPlatforms) = postSolution
		{07DB153C-B73A-41D1-B428-28E9A4C8AF1F}.Debug|Any CPU.ActiveCfg = Debug|Any CPU
		{07DB153C-B73A-41D1-B428-28E9A4C8AF1F}.Debug|Any CPU.Build.0 = Debug|Any CPU
		{07DB153C-B73A-41D1-B428-28E9A4C8AF1F}.Release|Any CPU.ActiveCfg = Release|Any CPU
		{07DB153C-B73A-41D1-B428-28E9A4C8AF1F}.Release|Any CPU.Build.0 = Release|Any CPU
	EndGlobalSection
	GlobalSection(SolutionProperties) = preSolution
		HideSolutionNode = FALSE
	EndGlobalSection
	GlobalSection(ExtensibilityGlobals) = postSolution
		SolutionGuid = {E7EF8C97-F084-452E-8191-47AE55628D06}
	EndGlobalSection
EndGlobal
